
Microsoft Visual Studio Solution File, Format Version 12.00
# Visual Studio Version 17
VisualStudioVersion = 17.7.34031.279
MinimumVisualStudioVersion = 10.0.40219.1
Project("{FAE04EC0-301F-11D3-BF4B-00C04F79EFBC}") = "PBI_PublicAPIs_BestPractice", "PBI_PublicAPIs_BestPractice\PBI_PublicAPIs_BestPractice.csproj", "{7C390650-7835-4B5C-A90D-C55878274BF7}"
EndProject
Global
	GlobalSection(SolutionConfigurationPlatforms) = preSolution
		Debug|Any CPU = Debug|Any CPU
		Release|Any CPU = Release|Any CPU
	EndGlobalSection
	GlobalSection(ProjectConfigurationPlatforms) = postSolution
		{7C390650-7835-4B5C-A90D-C55878274BF7}.Debug|Any CPU.ActiveCfg = Debug|Any CPU
		{7C390650-7835-4B5C-A90D-C55878274BF7}.Debug|Any CPU.Build.0 = Debug|Any CPU
		{7C390650-7835-4B5C-A90D-C55878274BF7}.Release|Any CPU.ActiveCfg = Release|Any CPU
		{7C390650-7835-4B5C-A90D-C55878274BF7}.Release|Any CPU.Build.0 = Release|Any CPU
	EndGlobalSection
	GlobalSection(SolutionProperties) = preSolution
		HideSolutionNode = FALSE
	EndGlobalSection
	GlobalSection(ExtensibilityGlobals) = postSolution
		SolutionGuid = {A5DF5B0B-8977-4860-8034-231A116EA5CE}
	EndGlobalSection
EndGlobal
